
Microsoft Visual Studio Solution File, Format Version 12.00
# Visual Studio Version 17
VisualStudioVersion = 17.5.33530.505
MinimumVisualStudioVersion = 10.0.40219.1
Project("{FAE04EC0-301F-11D3-BF4B-00C04F79EFBC}") = "ado.net_md2", "ado.net_md2\ado.net_md2.csproj", "{AF4471F6-A8F9-42B8-BA45-AF3BD849F2CA}"
EndProject
Global
	GlobalSection(SolutionConfigurationPlatforms) = preSolution
		Debug|Any CPU = Debug|Any CPU
		Release|Any CPU = Release|Any CPU
	EndGlobalSection
	GlobalSection(ProjectConfigurationPlatforms) = postSolution
		{AF4471F6-A8F9-42B8-BA45-AF3BD849F2CA}.Debug|Any CPU.ActiveCfg = Debug|Any CPU
		{AF4471F6-A8F9-42B8-BA45-AF3BD849F2CA}.Debug|Any CPU.Build.0 = Debug|Any CPU
		{AF4471F6-A8F9-42B8-BA45-AF3BD849F2CA}.Release|Any CPU.ActiveCfg = Release|Any CPU
		{AF4471F6-A8F9-42B8-BA45-AF3BD849F2CA}.Release|Any CPU.Build.0 = Release|Any CPU
	EndGlobalSection
	GlobalSection(SolutionProperties) = preSolution
		HideSolutionNode = FALSE
	EndGlobalSection
	GlobalSection(ExtensibilityGlobals) = postSolution
		SolutionGuid = {070DE874-45A3-4657-AB6C-E481B678C7A2}
	EndGlobalSection
EndGlobal
